// !$*UTF8*$!
{
	archiveVersion = 1;
	classes = {
	};
	objectVersion = 55;
	objects = {

/* Begin PBXBuildFile section */
		DD55CFC928E0633A00455615 /* StartViewController.swift in Sources */ = {isa = PBXBuildFile; fileRef = DD55CFC828E0633A00455615 /* StartViewController.swift */; };
		DD60214428C7A22800C3E4C8 /* Game.swift in Sources */ = {isa = PBXBuildFile; fileRef = DD60214328C7A22800C3E4C8 /* Game.swift */; };
		DDD1D2DE28C76F8F003083BC /* AppDelegate.swift in Sources */ = {isa = PBXBuildFile; fileRef = DDD1D2DD28C76F8F003083BC /* AppDelegate.swift */; };
		DDD1D2E028C76F8F003083BC /* SceneDelegate.swift in Sources */ = {isa = PBXBuildFile; fileRef = DDD1D2DF28C76F8F003083BC /* SceneDelegate.swift */; };
		DDD1D2E228C76F8F003083BC /* GameViewController.swift in Sources */ = {isa = PBXBuildFile; fileRef = DDD1D2E128C76F8F003083BC /* GameViewController.swift */; };
		DDD1D2E528C76F8F003083BC /* Main.storyboard in Resources */ = {isa = PBXBuildFile; fileRef = DDD1D2E328C76F8F003083BC /* Main.storyboard */; };
		DDD1D2E728C76F8F003083BC /* Assets.xcassets in Resources */ = {isa = PBXBuildFile; fileRef = DDD1D2E628C76F8F003083BC /* Assets.xcassets */; };
		DDD1D2EA28C76F8F003083BC /* LaunchScreen.storyboard in Resources */ = {isa = PBXBuildFile; fileRef = DDD1D2E828C76F8F003083BC /* LaunchScreen.storyboard */; };
		DDD1D2F528C76F8F003083BC /* TicTacToeTests.swift in Sources */ = {isa = PBXBuildFile; fileRef = DDD1D2F428C76F8F003083BC /* TicTacToeTests.swift */; };
		DDD1D2FF28C76F8F003083BC /* TicTacToeUITests.swift in Sources */ = {isa = PBXBuildFile; fileRef = DDD1D2FE28C76F8F003083BC /* TicTacToeUITests.swift */; };
		DDD1D30128C76F8F003083BC /* TicTacToeUITestsLaunchTests.swift in Sources */ = {isa = PBXBuildFile; fileRef = DDD1D30028C76F8F003083BC /* TicTacToeUITestsLaunchTests.swift */; };
/* End PBXBuildFile section */

/* Begin PBXContainerItemProxy section */
		DDD1D2F128C76F8F003083BC /* PBXContainerItemProxy */ = {
			isa = PBXContainerItemProxy;
			containerPortal = DDD1D2D228C76F8F003083BC /* Project object */;
			proxyType = 1;
			remoteGlobalIDString = DDD1D2D928C76F8F003083BC;
			remoteInfo = TicTacToe;
		};
		DDD1D2FB28C76F8F003083BC /* PBXContainerItemProxy */ = {
			isa = PBXContainerItemProxy;
			containerPortal = DDD1D2D228C76F8F003083BC /* Project object */;
			proxyType = 1;
			remoteGlobalIDString = DDD1D2D928C76F8F003083BC;
			remoteInfo = TicTacToe;
		};
/* End PBXContainerItemProxy section */

/* Begin PBXFileReference section */
		DD55CFC828E0633A00455615 /* StartViewController.swift */ = {isa = PBXFileReference; lastKnownFileType = sourcecode.swift; path = StartViewController.swift; sourceTree = "<group>"; };
		DD60214328C7A22800C3E4C8 /* Game.swift */ = {isa = PBXFileReference; lastKnownFileType = sourcecode.swift; path = Game.swift; sourceTree = "<group>"; };
		DDD1D2DA28C76F8F003083BC /* TicTacToe.app */ = {isa = PBXFileReference; explicitFileType = wrapper.application; includeInIndex = 0; path = TicTacToe.app; sourceTree = BUILT_PRODUCTS_DIR; };
		DDD1D2DD28C76F8F003083BC /* AppDelegate.swift */ = {isa = PBXFileReference; lastKnownFileType = sourcecode.swift; path = AppDelegate.swift; sourceTree = "<group>"; };
		DDD1D2DF28C76F8F003083BC /* SceneDelegate.swift */ = {isa = PBXFileReference; lastKnownFileType = sourcecode.swift; path = SceneDelegate.swift; sourceTree = "<group>"; };
		DDD1D2E128C76F8F003083BC /* GameViewController.swift */ = {isa = PBXFileReference; lastKnownFileType = sourcecode.swift; path = GameViewController.swift; sourceTree = "<group>"; };
		DDD1D2E428C76F8F003083BC /* Base */ = {isa = PBXFileReference; lastKnownFileType = file.storyboard; name = Base; path = Base.lproj/Main.storyboard; sourceTree = "<group>"; };
		DDD1D2E628C76F8F003083BC /* Assets.xcassets */ = {isa = PBXFileReference; lastKnownFileType = folder.assetcatalog; path = Assets.xcassets; sourceTree = "<group>"; };
		DDD1D2E928C76F8F003083BC /* Base */ = {isa = PBXFileReference; lastKnownFileType = file.storyboard; name = Base; path = Base.lproj/LaunchScreen.storyboard; sourceTree = "<group>"; };
		DDD1D2EB28C76F8F003083BC /* Info.plist */ = {isa = PBXFileReference; lastKnownFileType = text.plist.xml; path = Info.plist; sourceTree = "<group>"; };
		DDD1D2F028C76F8F003083BC /* TicTacToeTests.xctest */ = {isa = PBXFileReference; explicitFileType = wrapper.cfbundle; includeInIndex = 0; path = TicTacToeTests.xctest; sourceTree = BUILT_PRODUCTS_DIR; };
		DDD1D2F428C76F8F003083BC /* TicTacToeTests.swift */ = {isa = PBXFileReference; lastKnownFileType = sourcecode.swift; path = TicTacToeTests.swift; sourceTree = "<group>"; };
		DDD1D2FA28C76F8F003083BC /* TicTacToeUITests.xctest */ = {isa = PBXFileReference; explicitFileType = wrapper.cfbundle; includeInIndex = 0; path = TicTacToeUITests.xctest; sourceTree = BUILT_PRODUCTS_DIR; };
		DDD1D2FE28C76F8F003083BC /* TicTacToeUITests.swift */ = {isa = PBXFileReference; lastKnownFileType = sourcecode.swift; path = TicTacToeUITests.swift; sourceTree = "<group>"; };
		DDD1D30028C76F8F003083BC /* TicTacToeUITestsLaunchTests.swift */ = {isa = PBXFileReference; lastKnownFileType = sourcecode.swift; path = TicTacToeUITestsLaunchTests.swift; sourceTree = "<group>"; };
/* End PBXFileReference section */

/* Begin PBXFrameworksBuildPhase section */
		DDD1D2D728C76F8F003083BC /* Frameworks */ = {
			isa = PBXFrameworksBuildPhase;
			buildActionMask = 2147483647;
			files = (
			);
			runOnlyForDeploymentPostprocessing = 0;
		};
		DDD1D2ED28C76F8F003083BC /* Frameworks */ = {
			isa = PBXFrameworksBuildPhase;
			buildActionMask = 2147483647;
			files = (
			);
			runOnlyForDeploymentPostprocessing = 0;
		};
		DDD1D2F728C76F8F003083BC /* Frameworks */ = {
			isa = PBXFrameworksBuildPhase;
			buildActionMask = 2147483647;
			files = (
			);
			runOnlyForDeploymentPostprocessing = 0;
		};
/* End PBXFrameworksBuildPhase section */

/* Begin PBXGroup section */
		DDD1D2D128C76F8F003083BC = {
			isa = PBXGroup;
			children = (
				DDD1D2DC28C76F8F003083BC /* TicTacToe */,
				DDD1D2F328C76F8F003083BC /* TicTacToeTests */,
				DDD1D2FD28C76F8F003083BC /* TicTacToeUITests */,
				DDD1D2DB28C76F8F003083BC /* Products */,
			);
			sourceTree = "<group>";
		};
		DDD1D2DB28C76F8F003083BC /* Products */ = {
			isa = PBXGroup;
			children = (
				DDD1D2DA28C76F8F003083BC /* TicTacToe.app */,
				DDD1D2F028C76F8F003083BC /* TicTacToeTests.xctest */,
				DDD1D2FA28C76F8F003083BC /* TicTacToeUITests.xctest */,
			);
			name = Products;
			sourceTree = "<group>";
		};
		DDD1D2DC28C76F8F003083BC /* TicTacToe */ = {
			isa = PBXGroup;
			children = (
				DDD1D2DD28C76F8F003083BC /* AppDelegate.swift */,
				DDD1D2DF28C76F8F003083BC /* SceneDelegate.swift */,
				DDD1D2E128C76F8F003083BC /* GameViewController.swift */,
				DDD1D2E328C76F8F003083BC /* Main.storyboard */,
				DDD1D2E628C76F8F003083BC /* Assets.xcassets */,
				DDD1D2E828C76F8F003083BC /* LaunchScreen.storyboard */,
				DDD1D2EB28C76F8F003083BC /* Info.plist */,
				DD60214328C7A22800C3E4C8 /* Game.swift */,
				DD55CFC828E0633A00455615 /* StartViewController.swift */,
			);
			path = TicTacToe;
			sourceTree = "<group>";
		};
		DDD1D2F328C76F8F003083BC /* TicTacToeTests */ = {
			isa = PBXGroup;
			children = (
				DDD1D2F428C76F8F003083BC /* TicTacToeTests.swift */,
			);
			path = TicTacToeTests;
			sourceTree = "<group>";
		};
		DDD1D2FD28C76F8F003083BC /* TicTacToeUITests */ = {
			isa = PBXGroup;
			children = (
				DDD1D2FE28C76F8F003083BC /* TicTacToeUITests.swift */,
				DDD1D30028C76F8F003083BC /* TicTacToeUITestsLaunchTests.swift */,
			);
			path = TicTacToeUITests;
			sourceTree = "<group>";
		};
/* End PBXGroup section */

/* Begin PBXNativeTarget section */
		DDD1D2D928C76F8F003083BC /* TicTacToe */ = {
			isa = PBXNativeTarget;
			buildConfigurationList = DDD1D30428C76F8F003083BC /* Build configuration list for PBXNativeTarget "TicTacToe" */;
			buildPhases = (
				DDD1D2D628C76F8F003083BC /* Sources */,
				DDD1D2D728C76F8F003083BC /* Frameworks */,
				DDD1D2D828C76F8F003083BC /* Resources */,
			);
			buildRules = (
			);
			dependencies = (
			);
			name = TicTacToe;
			productName = TicTacToe;
			productReference = DDD1D2DA28C76F8F003083BC /* TicTacToe.app */;
			productType = "com.apple.product-type.application";
		};
		DDD1D2EF28C76F8F003083BC /* TicTacToeTests */ = {
			isa = PBXNativeTarget;
			buildConfigurationList = DDD1D30728C76F8F003083BC /* Build configuration list for PBXNativeTarget "TicTacToeTests" */;
			buildPhases = (
				DDD1D2EC28C76F8F003083BC /* Sources */,
				DDD1D2ED28C76F8F003083BC /* Frameworks */,
				DDD1D2EE28C76F8F003083BC /* Resources */,
			);
			buildRules = (
			);
			dependencies = (
				DDD1D2F228C76F8F003083BC /* PBXTargetDependency */,
			);
			name = TicTacToeTests;
			productName = TicTacToeTests;
			productReference = DDD1D2F028C76F8F003083BC /* TicTacToeTests.xctest */;
			productType = "com.apple.product-type.bundle.unit-test";
		};
		DDD1D2F928C76F8F003083BC /* TicTacToeUITests */ = {
			isa = PBXNativeTarget;
			buildConfigurationList = DDD1D30A28C76F8F003083BC /* Build configuration list for PBXNativeTarget "TicTacToeUITests" */;
			buildPhases = (
				DDD1D2F628C76F8F003083BC /* Sources */,
				DDD1D2F728C76F8F003083BC /* Frameworks */,
				DDD1D2F828C76F8F003083BC /* Resources */,
			);
			buildRules = (
			);
			dependencies = (
				DDD1D2FC28C76F8F003083BC /* PBXTargetDependency */,
			);
			name = TicTacToeUITests;
			productName = TicTacToeUITests;
			productReference = DDD1D2FA28C76F8F003083BC /* TicTacToeUITests.xctest */;
			productType = "com.apple.product-type.bundle.ui-testing";
		};
/* End PBXNativeTarget section */

/* Begin PBXProject section */
		DDD1D2D228C76F8F003083BC /* Project object */ = {
			isa = PBXProject;
			attributes = {
				BuildIndependentTargetsInParallel = 1;
				LastSwiftUpdateCheck = 1340;
				LastUpgradeCheck = 1340;
				TargetAttributes = {
					DDD1D2D928C76F8F003083BC = {
						CreatedOnToolsVersion = 13.4.1;
					};
					DDD1D2EF28C76F8F003083BC = {
						CreatedOnToolsVersion = 13.4.1;
						TestTargetID = DDD1D2D928C76F8F003083BC;
					};
					DDD1D2F928C76F8F003083BC = {
						CreatedOnToolsVersion = 13.4.1;
						TestTargetID = DDD1D2D928C76F8F003083BC;
					};
				};
			};
			buildConfigurationList = DDD1D2D528C76F8F003083BC /* Build configuration list for PBXProject "TicTacToe" */;
			compatibilityVersion = "Xcode 13.0";
			developmentRegion = en;
			hasScannedForEncodings = 0;
			knownRegions = (
				en,
				Base,
			);
			mainGroup = DDD1D2D128C76F8F003083BC;
			productRefGroup = DDD1D2DB28C76F8F003083BC /* Products */;
			projectDirPath = "";
			projectRoot = "";
			targets = (
				DDD1D2D928C76F8F003083BC /* TicTacToe */,
				DDD1D2EF28C76F8F003083BC /* TicTacToeTests */,
				DDD1D2F928C76F8F003083BC /* TicTacToeUITests */,
			);
		};
/* End PBXProject section */

/* Begin PBXResourcesBuildPhase section */
		DDD1D2D828C76F8F003083BC /* Resources */ = {
			isa = PBXResourcesBuildPhase;
			buildActionMask = 2147483647;
			files = (
				DDD1D2EA28C76F8F003083BC /* LaunchScreen.storyboard in Resources */,
				DDD1D2E728C76F8F003083BC /* Assets.xcassets in Resources */,
				DDD1D2E528C76F8F003083BC /* Main.storyboard in Resources */,
			);
			runOnlyForDeploymentPostprocessing = 0;
		};
		DDD1D2EE28C76F8F003083BC /* Resources */ = {
			isa = PBXResourcesBuildPhase;
			buildActionMask = 2147483647;
			files = (
			);
			runOnlyForDeploymentPostprocessing = 0;
		};
		DDD1D2F828C76F8F003083BC /* Resources */ = {
			isa = PBXResourcesBuildPhase;
			buildActionMask = 2147483647;
			files = (
			);
			runOnlyForDeploymentPostprocessing = 0;
		};
/* End PBXResourcesBuildPhase section */

/* Begin PBXSourcesBuildPhase section */
		DDD1D2D628C76F8F003083BC /* Sources */ = {
			isa = PBXSourcesBuildPhase;
			buildActionMask = 2147483647;
			files = (
				DD55CFC928E0633A00455615 /* StartViewController.swift in Sources */,
				DDD1D2E228C76F8F003083BC /* GameViewController.swift in Sources */,
				DDD1D2DE28C76F8F003083BC /* AppDelegate.swift in Sources */,
				DDD1D2E028C76F8F003083BC /* SceneDelegate.swift in Sources */,
				DD60214428C7A22800C3E4C8 /* Game.swift in Sources */,
			);
			runOnlyForDeploymentPostprocessing = 0;
		};
		DDD1D2EC28C76F8F003083BC /* Sources */ = {
			isa = PBXSourcesBuildPhase;
			buildActionMask = 2147483647;
			files = (
				DDD1D2F528C76F8F003083BC /* TicTacToeTests.swift in Sources */,
			);
			runOnlyForDeploymentPostprocessing = 0;
		};
		DDD1D2F628C76F8F003083BC /* Sources */ = {
			isa = PBXSourcesBuildPhase;
			buildActionMask = 2147483647;
			files = (
				DDD1D2FF28C76F8F003083BC /* TicTacToeUITests.swift in Sources */,
				DDD1D30128C76F8F003083BC /* TicTacToeUITestsLaunchTests.swift in Sources */,
			);
			runOnlyForDeploymentPostprocessing = 0;
		};
/* End PBXSourcesBuildPhase section */

/* Begin PBXTargetDependency section */
		DDD1D2F228C76F8F003083BC /* PBXTargetDependency */ = {
			isa = PBXTargetDependency;
			target = DDD1D2D928C76F8F003083BC /* TicTacToe */;
			targetProxy = DDD1D2F128C76F8F003083BC /* PBXContainerItemProxy */;
		};
		DDD1D2FC28C76F8F003083BC /* PBXTargetDependency */ = {
			isa = PBXTargetDependency;
			target = DDD1D2D928C76F8F003083BC /* TicTacToe */;
			targetProxy = DDD1D2FB28C76F8F003083BC /* PBXContainerItemProxy */;
		};
/* End PBXTargetDependency section */

/* Begin PBXVariantGroup section */
		DDD1D2E328C76F8F003083BC /* Main.storyboard */ = {
			isa = PBXVariantGroup;
			children = (
				DDD1D2E428C76F8F003083BC /* Base */,
			);
			name = Main.storyboard;
			sourceTree = "<group>";
		};
		DDD1D2E828C76F8F003083BC /* LaunchScreen.storyboard */ = {
			isa = PBXVariantGroup;
			children = (
				DDD1D2E928C76F8F003083BC /* Base */,
			);
			name = LaunchScreen.storyboard;
			sourceTree = "<group>";
		};
/* End PBXVariantGroup section */

/* Begin XCBuildConfiguration section */
		DDD1D30228C76F8F003083BC /* Debug */ = {
			isa = XCBuildConfiguration;
			buildSettings = {
				ALWAYS_SEARCH_USER_PATHS = NO;
				CLANG_ANALYZER_NONNULL = YES;
				CLANG_ANALYZER_NUMBER_OBJECT_CONVERSION = YES_AGGRESSIVE;
				CLANG_CXX_LANGUAGE_STANDARD = "gnu++17";
				CLANG_ENABLE_MODULES = YES;
				CLANG_ENABLE_OBJC_ARC = YES;
				CLANG_ENABLE_OBJC_WEAK = YES;
				CLANG_WARN_BLOCK_CAPTURE_AUTORELEASING = YES;
				CLANG_WARN_BOOL_CONVERSION = YES;
				CLANG_WARN_COMMA = YES;
				CLANG_WARN_CONSTANT_CONVERSION = YES;
				CLANG_WARN_DEPRECATED_OBJC_IMPLEMENTATIONS = YES;
				CLANG_WARN_DIRECT_OBJC_ISA_USAGE = YES_ERROR;
				CLANG_WARN_DOCUMENTATION_COMMENTS = YES;
				CLANG_WARN_EMPTY_BODY = YES;
				CLANG_WARN_ENUM_CONVERSION = YES;
				CLANG_WARN_INFINITE_RECURSION = YES;
				CLANG_WARN_INT_CONVERSION = YES;
				CLANG_WARN_NON_LITERAL_NULL_CONVERSION = YES;
				CLANG_WARN_OBJC_IMPLICIT_RETAIN_SELF = YES;
				CLANG_WARN_OBJC_LITERAL_CONVERSION = YES;
				CLANG_WARN_OBJC_ROOT_CLASS = YES_ERROR;
				CLANG_WARN_QUOTED_INCLUDE_IN_FRAMEWORK_HEADER = YES;
				CLANG_WARN_RANGE_LOOP_ANALYSIS = YES;
				CLANG_WARN_STRICT_PROTOTYPES = YES;
				CLANG_WARN_SUSPICIOUS_MOVE = YES;
				CLANG_WARN_UNGUARDED_AVAILABILITY = YES_AGGRESSIVE;
				CLANG_WARN_UNREACHABLE_CODE = YES;
				CLANG_WARN__DUPLICATE_METHOD_MATCH = YES;
				COPY_PHASE_STRIP = NO;
				DEBUG_INFORMATION_FORMAT = dwarf;
				ENABLE_STRICT_OBJC_MSGSEND = YES;
				ENABLE_TESTABILITY = YES;
				GCC_C_LANGUAGE_STANDARD = gnu11;
				GCC_DYNAMIC_NO_PIC = NO;
				GCC_NO_COMMON_BLOCKS = YES;
				GCC_OPTIMIZATION_LEVEL = 0;
				GCC_PREPROCESSOR_DEFINITIONS = (
					"DEBUG=1",
					"$(inherited)",
				);
				GCC_WARN_64_TO_32_BIT_CONVERSION = YES;
				GCC_WARN_ABOUT_RETURN_TYPE = YES_ERROR;
				GCC_WARN_UNDECLARED_SELECTOR = YES;
				GCC_WARN_UNINITIALIZED_AUTOS = YES_AGGRESSIVE;
				GCC_WARN_UNUSED_FUNCTION = YES;
				GCC_WARN_UNUSED_VARIABLE = YES;
				IPHONEOS_DEPLOYMENT_TARGET = 15.5;
				MTL_ENABLE_DEBUG_INFO = INCLUDE_SOURCE;
				MTL_FAST_MATH = YES;
				ONLY_ACTIVE_ARCH = YES;
				SDKROOT = iphoneos;
				SWIFT_ACTIVE_COMPILATION_CONDITIONS = DEBUG;
				SWIFT_OPTIMIZATION_LEVEL = "-Onone";
			};
			name = Debug;
		};
		DDD1D30328C76F8F003083BC /* Release */ = {
			isa = XCBuildConfiguration;
			buildSettings = {
				ALWAYS_SEARCH_USER_PATHS = NO;
				CLANG_ANALYZER_NONNULL = YES;
				CLANG_ANALYZER_NUMBER_OBJECT_CONVERSION = YES_AGGRESSIVE;
				CLANG_CXX_LANGUAGE_STANDARD = "gnu++17";
				CLANG_ENABLE_MODULES = YES;
				CLANG_ENABLE_OBJC_ARC = YES;
				CLANG_ENABLE_OBJC_WEAK = YES;
				CLANG_WARN_BLOCK_CAPTURE_AUTORELEASING = YES;
				CLANG_WARN_BOOL_CONVERSION = YES;
				CLANG_WARN_COMMA = YES;
				CLANG_WARN_CONSTANT_CONVERSION = YES;
				CLANG_WARN_DEPRECATED_OBJC_IMPLEMENTATIONS = YES;
				CLANG_WARN_DIRECT_OBJC_ISA_USAGE = YES_ERROR;
				CLANG_WARN_DOCUMENTATION_COMMENTS = YES;
				CLANG_WARN_EMPTY_BODY = YES;
				CLANG_WARN_ENUM_CONVERSION = YES;
				CLANG_WARN_INFINITE_RECURSION = YES;
				CLANG_WARN_INT_CONVERSION = YES;
				CLANG_WARN_NON_LITERAL_NULL_CONVERSION = YES;
				CLANG_WARN_OBJC_IMPLICIT_RETAIN_SELF = YES;
				CLANG_WARN_OBJC_LITERAL_CONVERSION = YES;
				CLANG_WARN_OBJC_ROOT_CLASS = YES_ERROR;
				CLANG_WARN_QUOTED_INCLUDE_IN_FRAMEWORK_HEADER = YES;
				CLANG_WARN_RANGE_LOOP_ANALYSIS = YES;
				CLANG_WARN_STRICT_PROTOTYPES = YES;
				CLANG_WARN_SUSPICIOUS_MOVE = YES;
				CLANG_WARN_UNGUARDED_AVAILABILITY = YES_AGGRESSIVE;
				CLANG_WARN_UNREACHABLE_CODE = YES;
				CLANG_WARN__DUPLICATE_METHOD_MATCH = YES;
				COPY_PHASE_STRIP = NO;
				DEBUG_INFORMATION_FORMAT = "dwarf-with-dsym";
				ENABLE_NS_ASSERTIONS = NO;
				ENABLE_STRICT_OBJC_MSGSEND = YES;
				GCC_C_LANGUAGE_STANDARD = gnu11;
				GCC_NO_COMMON_BLOCKS = YES;
				GCC_WARN_64_TO_32_BIT_CONVERSION = YES;
				GCC_WARN_ABOUT_RETURN_TYPE = YES_ERROR;
				GCC_WARN_UNDECLARED_SELECTOR = YES;
				GCC_WARN_UNINITIALIZED_AUTOS = YES_AGGRESSIVE;
				GCC_WARN_UNUSED_FUNCTION = YES;
				GCC_WARN_UNUSED_VARIABLE = YES;
				IPHONEOS_DEPLOYMENT_TARGET = 15.5;
				MTL_ENABLE_DEBUG_INFO = NO;
				MTL_FAST_MATH = YES;
				SDKROOT = iphoneos;
				SWIFT_COMPILATION_MODE = wholemodule;
				SWIFT_OPTIMIZATION_LEVEL = "-O";
				VALIDATE_PRODUCT = YES;
			};
			name = Release;
		};
		DDD1D30528C76F8F003083BC /* Debug */ = {
			isa = XCBuildConfiguration;
			buildSettings = {
				ASSETCATALOG_COMPILER_APPICON_NAME = AppIcon;
				ASSETCATALOG_COMPILER_GLOBAL_ACCENT_COLOR_NAME = AccentColor;
				CODE_SIGN_STYLE = Automatic;
				CURRENT_PROJECT_VERSION = 1;
				DEVELOPMENT_TEAM = 5HCGK89358;
				GENERATE_INFOPLIST_FILE = YES;
				INFOPLIST_FILE = TicTacToe/Info.plist;
				INFOPLIST_KEY_UIApplicationSupportsIndirectInputEvents = YES;
				INFOPLIST_KEY_UILaunchStoryboardName = LaunchScreen;
				INFOPLIST_KEY_UIMainStoryboardFile = Main;
				INFOPLIST_KEY_UISupportedInterfaceOrientations_iPad = "UIInterfaceOrientationPortrait UIInterfaceOrientationPortraitUpsideDown UIInterfaceOrientationLandscapeLeft UIInterfaceOrientationLandscapeRight";
				INFOPLIST_KEY_UISupportedInterfaceOrientations_iPhone = "UIInterfaceOrientationPortrait UIInterfaceOrientationLandscapeLeft UIInterfaceOrientationLandscapeRight";
				LD_RUNPATH_SEARCH_PATHS = (
					"$(inherited)",
					"@executable_path/Frameworks",
				);
				MARKETING_VERSION = 1.0;
				PRODUCT_BUNDLE_IDENTIFIER = com.ahmadardal.TicTacToe;
				PRODUCT_NAME = "$(TARGET_NAME)";
				SWIFT_EMIT_LOC_STRINGS = YES;
				SWIFT_VERSION = 5.0;
				TARGETED_DEVICE_FAMILY = "1,2";
			};
			name = Debug;
		};
		DDD1D30628C76F8F003083BC /* Release */ = {
			isa = XCBuildConfiguration;
			buildSettings = {
				ASSETCATALOG_COMPILER_APPICON_NAME = AppIcon;
				ASSETCATALOG_COMPILER_GLOBAL_ACCENT_COLOR_NAME = AccentColor;
				CODE_SIGN_STYLE = Automatic;
				CURRENT_PROJECT_VERSION = 1;
				DEVELOPMENT_TEAM = 5HCGK89358;
				GENERATE_INFOPLIST_FILE = YES;
				INFOPLIST_FILE = TicTacToe/Info.plist;
				INFOPLIST_KEY_UIApplicationSupportsIndirectInputEvents = YES;
				INFOPLIST_KEY_UILaunchStoryboardName = LaunchScreen;
				INFOPLIST_KEY_UIMainStoryboardFile = Main;
				INFOPLIST_KEY_UISupportedInterfaceOrientations_iPad = "UIInterfaceOrientationPortrait UIInterfaceOrientationPortraitUpsideDown UIInterfaceOrientationLandscapeLeft UIInterfaceOrientationLandscapeRight";
				INFOPLIST_KEY_UISupportedInterfaceOrientations_iPhone = "UIInterfaceOrientationPortrait UIInterfaceOrientationLandscapeLeft UIInterfaceOrientationLandscapeRight";
				LD_RUNPATH_SEARCH_PATHS = (
					"$(inherited)",
					"@executable_path/Frameworks",
				);
				MARKETING_VERSION = 1.0;
				PRODUCT_BUNDLE_IDENTIFIER = com.ahmadardal.TicTacToe;
				PRODUCT_NAME = "$(TARGET_NAME)";
				SWIFT_EMIT_LOC_STRINGS = YES;
				SWIFT_VERSION = 5.0;
				TARGETED_DEVICE_FAMILY = "1,2";
			};
			name = Release;
		};
		DDD1D30828C76F8F003083BC /* Debug */ = {
			isa = XCBuildConfiguration;
			buildSettings = {
				ALWAYS_EMBED_SWIFT_STANDARD_LIBRARIES = YES;
				BUNDLE_LOADER = "$(TEST_HOST)";
				CODE_SIGN_STYLE = Automatic;
				CURRENT_PROJECT_VERSION = 1;
				DEVELOPMENT_TEAM = 5HCGK89358;
				GENERATE_INFOPLIST_FILE = YES;
				IPHONEOS_DEPLOYMENT_TARGET = 15.5;
				MARKETING_VERSION = 1.0;
				PRODUCT_BUNDLE_IDENTIFIER = com.ahmadardal.TicTacToeTests;
				PRODUCT_NAME = "$(TARGET_NAME)";
				SWIFT_EMIT_LOC_STRINGS = NO;
				SWIFT_VERSION = 5.0;
				TARGETED_DEVICE_FAMILY = "1,2";
				TEST_HOST = "$(BUILT_PRODUCTS_DIR)/TicTacToe.app/TicTacToe";
			};
			name = Debug;
		};
		DDD1D30928C76F8F003083BC /* Release */ = {
			isa = XCBuildConfiguration;
			buildSettings = {
				ALWAYS_EMBED_SWIFT_STANDARD_LIBRARIES = YES;
				BUNDLE_LOADER = "$(TEST_HOST)";
				CODE_SIGN_STYLE = Automatic;
				CURRENT_PROJECT_VERSION = 1;
				DEVELOPMENT_TEAM = 5HCGK89358;
				GENERATE_INFOPLIST_FILE = YES;
				IPHONEOS_DEPLOYMENT_TARGET = 15.5;
				MARKETING_VERSION = 1.0;
				PRODUCT_BUNDLE_IDENTIFIER = com.ahmadardal.TicTacToeTests;
				PRODUCT_NAME = "$(TARGET_NAME)";
				SWIFT_EMIT_LOC_STRINGS = NO;
				SWIFT_VERSION = 5.0;
				TARGETED_DEVICE_FAMILY = "1,2";
				TEST_HOST = "$(BUILT_PRODUCTS_DIR)/TicTacToe.app/TicTacToe";
			};
			name = Release;
		};
		DDD1D30B28C76F8F003083BC /* Debug */ = {
			isa = XCBuildConfiguration;
			buildSettings = {
				ALWAYS_EMBED_SWIFT_STANDARD_LIBRARIES = YES;
				CODE_SIGN_STYLE = Automatic;
				CURRENT_PROJECT_VERSION = 1;
				DEVELOPMENT_TEAM = 5HCGK89358;
				GENERATE_INFOPLIST_FILE = YES;
				MARKETING_VERSION = 1.0;
				PRODUCT_BUNDLE_IDENTIFIER = com.ahmadardal.TicTacToeUITests;
				PRODUCT_NAME = "$(TARGET_NAME)";
				SWIFT_EMIT_LOC_STRINGS = NO;
				SWIFT_VERSION = 5.0;
				TARGETED_DEVICE_FAMILY = "1,2";
				TEST_TARGET_NAME = TicTacToe;
			};
			name = Debug;
		};
		DDD1D30C28C76F8F003083BC /* Release */ = {
			isa = XCBuildConfiguration;
			buildSettings = {
				ALWAYS_EMBED_SWIFT_STANDARD_LIBRARIES = YES;
				CODE_SIGN_STYLE = Automatic;
				CURRENT_PROJECT_VERSION = 1;
				DEVELOPMENT_TEAM = 5HCGK89358;
				GENERATE_INFOPLIST_FILE = YES;
				MARKETING_VERSION = 1.0;
				PRODUCT_BUNDLE_IDENTIFIER = com.ahmadardal.TicTacToeUITests;
				PRODUCT_NAME = "$(TARGET_NAME)";
				SWIFT_EMIT_LOC_STRINGS = NO;
				SWIFT_VERSION = 5.0;
				TARGETED_DEVICE_FAMILY = "1,2";
				TEST_TARGET_NAME = TicTacToe;
			};
			name = Release;
		};
/* End XCBuildConfiguration section */

/* Begin XCConfigurationList section */
		DDD1D2D528C76F8F003083BC /* Build configuration list for PBXProject "TicTacToe" */ = {
			isa = XCConfigurationList;
			buildConfigurations = (
				DDD1D30228C76F8F003083BC /* Debug */,
				DDD1D30328C76F8F003083BC /* Release */,
			);
			defaultConfigurationIsVisible = 0;
			defaultConfigurationName = Release;
		};
		DDD1D30428C76F8F003083BC /* Build configuration list for PBXNativeTarget "TicTacToe" */ = {
			isa = XCConfigurationList;
			buildConfigurations = (
				DDD1D30528C76F8F003083BC /* Debug */,
				DDD1D30628C76F8F003083BC /* Release */,
			);
			defaultConfigurationIsVisible = 0;
			defaultConfigurationName = Release;
		};
		DDD1D30728C76F8F003083BC /* Build configuration list for PBXNativeTarget "TicTacToeTests" */ = {
			isa = XCConfigurationList;
			buildConfigurations = (
				DDD1D30828C76F8F003083BC /* Debug */,
				DDD1D30928C76F8F003083BC /* Release */,
			);
			defaultConfigurationIsVisible = 0;
			defaultConfigurationName = Release;
		};
		DDD1D30A28C76F8F003083BC /* Build configuration list for PBXNativeTarget "TicTacToeUITests" */ = {
			isa = XCConfigurationList;
			buildConfigurations = (
				DDD1D30B28C76F8F003083BC /* Debug */,
				DDD1D30C28C76F8F003083BC /* Release */,
			);
			defaultConfigurationIsVisible = 0;
			defaultConfigurationName = Release;
		};
/* End XCConfigurationList section */
	};
	rootObject = DDD1D2D228C76F8F003083BC /* Project object */;
}
